// !$*UTF8*$!
{
	archiveVersion = 1;
	classes = {
	};
	objectVersion = 48;
	objects = {

/* Begin PBXBuildFile section */
		424387E420449D300056B653 /* DrawView.swift in Sources */ = {isa = PBXBuildFile; fileRef = 424387E320449D300056B653 /* DrawView.swift */; };
		424387E72044A1ED0056B653 /* LineShape.swift in Sources */ = {isa = PBXBuildFile; fileRef = 424387E62044A1ED0056B653 /* LineShape.swift */; };
		427FB70422FB2B4D00699DDF /* MulticastDelegate.swift in Sources */ = {isa = PBXBuildFile; fileRef = 427FB70322FB2B4D00699DDF /* MulticastDelegate.swift */; };
		4286057822F9F46000B7CB17 /* Copying.swift in Sources */ = {isa = PBXBuildFile; fileRef = 4286057722F9F46000B7CB17 /* Copying.swift */; };
		42F2A34622FB1AAC00FB4283 /* AcceptInputState.swift in Sources */ = {isa = PBXBuildFile; fileRef = 42F2A34522FB1AAC00FB4283 /* AcceptInputState.swift */; };
		42F2A34822FB1AB200FB4283 /* AnimateState.swift in Sources */ = {isa = PBXBuildFile; fileRef = 42F2A34722FB1AB200FB4283 /* AnimateState.swift */; };
		42F2A34A22FB1AB800FB4283 /* ClearState.swift in Sources */ = {isa = PBXBuildFile; fileRef = 42F2A34922FB1AB800FB4283 /* ClearState.swift */; };
		42F2A34C22FB1ABE00FB4283 /* CopyState.swift in Sources */ = {isa = PBXBuildFile; fileRef = 42F2A34B22FB1ABE00FB4283 /* CopyState.swift */; };
		42F2A34E22FB1AC300FB4283 /* DrawViewState.swift in Sources */ = {isa = PBXBuildFile; fileRef = 42F2A34D22FB1AC300FB4283 /* DrawViewState.swift */; };
		42F35C3620449C9A00584FAD /* AppDelegate.swift in Sources */ = {isa = PBXBuildFile; fileRef = 42F35C3520449C9A00584FAD /* AppDelegate.swift */; };
		42F35C3820449C9A00584FAD /* ViewController.swift in Sources */ = {isa = PBXBuildFile; fileRef = 42F35C3720449C9A00584FAD /* ViewController.swift */; };
		42F35C3B20449C9A00584FAD /* Main.storyboard in Resources */ = {isa = PBXBuildFile; fileRef = 42F35C3920449C9A00584FAD /* Main.storyboard */; };
		42F35C3D20449C9A00584FAD /* Assets.xcassets in Resources */ = {isa = PBXBuildFile; fileRef = 42F35C3C20449C9A00584FAD /* Assets.xcassets */; };
		42F35C4020449C9A00584FAD /* LaunchScreen.storyboard in Resources */ = {isa = PBXBuildFile; fileRef = 42F35C3E20449C9A00584FAD /* LaunchScreen.storyboard */; };
/* End PBXBuildFile section */

/* Begin PBXFileReference section */
		424387E320449D300056B653 /* DrawView.swift */ = {isa = PBXFileReference; lastKnownFileType = sourcecode.swift; path = DrawView.swift; sourceTree = "<group>"; };
		424387E62044A1ED0056B653 /* LineShape.swift */ = {isa = PBXFileReference; lastKnownFileType = sourcecode.swift; path = LineShape.swift; sourceTree = "<group>"; };
		427FB70322FB2B4D00699DDF /* MulticastDelegate.swift */ = {isa = PBXFileReference; lastKnownFileType = sourcecode.swift; path = MulticastDelegate.swift; sourceTree = "<group>"; };
		4286057722F9F46000B7CB17 /* Copying.swift */ = {isa = PBXFileReference; lastKnownFileType = sourcecode.swift; path = Copying.swift; sourceTree = "<group>"; };
		42F2A34522FB1AAC00FB4283 /* AcceptInputState.swift */ = {isa = PBXFileReference; lastKnownFileType = sourcecode.swift; path = AcceptInputState.swift; sourceTree = "<group>"; };
		42F2A34722FB1AB200FB4283 /* AnimateState.swift */ = {isa = PBXFileReference; lastKnownFileType = sourcecode.swift; path = AnimateState.swift; sourceTree = "<group>"; };
		42F2A34922FB1AB800FB4283 /* ClearState.swift */ = {isa = PBXFileReference; lastKnownFileType = sourcecode.swift; path = ClearState.swift; sourceTree = "<group>"; };
		42F2A34B22FB1ABE00FB4283 /* CopyState.swift */ = {isa = PBXFileReference; lastKnownFileType = sourcecode.swift; path = CopyState.swift; sourceTree = "<group>"; };
		42F2A34D22FB1AC300FB4283 /* DrawViewState.swift */ = {isa = PBXFileReference; lastKnownFileType = sourcecode.swift; path = DrawViewState.swift; sourceTree = "<group>"; };
		42F35C3220449C9A00584FAD /* MirrorPad.app */ = {isa = PBXFileReference; explicitFileType = wrapper.application; includeInIndex = 0; path = MirrorPad.app; sourceTree = BUILT_PRODUCTS_DIR; };
		42F35C3520449C9A00584FAD /* AppDelegate.swift */ = {isa = PBXFileReference; lastKnownFileType = sourcecode.swift; path = AppDelegate.swift; sourceTree = "<group>"; };
		42F35C3720449C9A00584FAD /* ViewController.swift */ = {isa = PBXFileReference; lastKnownFileType = sourcecode.swift; path = ViewController.swift; sourceTree = "<group>"; };
		42F35C3A20449C9A00584FAD /* Base */ = {isa = PBXFileReference; lastKnownFileType = file.storyboard; name = Base; path = Base.lproj/Main.storyboard; sourceTree = "<group>"; };
		42F35C3C20449C9A00584FAD /* Assets.xcassets */ = {isa = PBXFileReference; lastKnownFileType = folder.assetcatalog; path = Assets.xcassets; sourceTree = "<group>"; };
		42F35C3F20449C9A00584FAD /* Base */ = {isa = PBXFileReference; lastKnownFileType = file.storyboard; name = Base; path = Base.lproj/LaunchScreen.storyboard; sourceTree = "<group>"; };
		42F35C4120449C9A00584FAD /* Info.plist */ = {isa = PBXFileReference; lastKnownFileType = text.plist.xml; path = Info.plist; sourceTree = "<group>"; };
/* End PBXFileReference section */

/* Begin PBXFrameworksBuildPhase section */
		42F35C2F20449C9A00584FAD /* Frameworks */ = {
			isa = PBXFrameworksBuildPhase;
			buildActionMask = 2147483647;
			files = (
			);
			runOnlyForDeploymentPostprocessing = 0;
		};
/* End PBXFrameworksBuildPhase section */

/* Begin PBXGroup section */
		4245EC792074415400E347D0 /* Protocols */ = {
			isa = PBXGroup;
			children = (
				4286057722F9F46000B7CB17 /* Copying.swift */,
				427FB70322FB2B4D00699DDF /* MulticastDelegate.swift */,
			);
			path = Protocols;
			sourceTree = "<group>";
		};
		4245EC7C2074417100E347D0 /* Facades */ = {
			isa = PBXGroup;
			children = (
			);
			path = Facades;
			sourceTree = "<group>";
		};
		42F2A34322FB1A9900FB4283 /* DrawView */ = {
			isa = PBXGroup;
			children = (
				424387E320449D300056B653 /* DrawView.swift */,
				424387E62044A1ED0056B653 /* LineShape.swift */,
				42F2A34422FB1AA300FB4283 /* States */,
			);
			path = DrawView;
			sourceTree = "<group>";
		};
		42F2A34422FB1AA300FB4283 /* States */ = {
			isa = PBXGroup;
			children = (
				42F2A34522FB1AAC00FB4283 /* AcceptInputState.swift */,
				42F2A34722FB1AB200FB4283 /* AnimateState.swift */,
				42F2A34922FB1AB800FB4283 /* ClearState.swift */,
				42F2A34B22FB1ABE00FB4283 /* CopyState.swift */,
				42F2A34D22FB1AC300FB4283 /* DrawViewState.swift */,
			);
			path = States;
			sourceTree = "<group>";
		};
		42F35C2920449C9A00584FAD = {
			isa = PBXGroup;
			children = (
				42F35C3420449C9A00584FAD /* MirrorPad */,
				42F35C3320449C9A00584FAD /* Products */,
			);
			indentWidth = 2;
			sourceTree = "<group>";
			tabWidth = 2;
		};
		42F35C3320449C9A00584FAD /* Products */ = {
			isa = PBXGroup;
			children = (
				42F35C3220449C9A00584FAD /* MirrorPad.app */,
			);
			name = Products;
			sourceTree = "<group>";
		};
		42F35C3420449C9A00584FAD /* MirrorPad */ = {
			isa = PBXGroup;
			children = (
				42F35C4720449C9D00584FAD /* AppDelegate */,
				42F35C4820449CA300584FAD /* Controllers */,
				4245EC7C2074417100E347D0 /* Facades */,
				4245EC792074415400E347D0 /* Protocols */,
				42F35C4A20449CB400584FAD /* Resources */,
				42F35C4920449CAA00584FAD /* Views */,
			);
			path = MirrorPad;
			sourceTree = "<group>";
		};
		42F35C4720449C9D00584FAD /* AppDelegate */ = {
			isa = PBXGroup;
			children = (
				42F35C3520449C9A00584FAD /* AppDelegate.swift */,
			);
			path = AppDelegate;
			sourceTree = "<group>";
		};
		42F35C4820449CA300584FAD /* Controllers */ = {
			isa = PBXGroup;
			children = (
				42F35C3720449C9A00584FAD /* ViewController.swift */,
			);
			path = Controllers;
			sourceTree = "<group>";
		};
		42F35C4920449CAA00584FAD /* Views */ = {
			isa = PBXGroup;
			children = (
				42F2A34322FB1A9900FB4283 /* DrawView */,
				42F35C3E20449C9A00584FAD /* LaunchScreen.storyboard */,
				42F35C3920449C9A00584FAD /* Main.storyboard */,
			);
			path = Views;
			sourceTree = "<group>";
		};
		42F35C4A20449CB400584FAD /* Resources */ = {
			isa = PBXGroup;
			children = (
				42F35C3C20449C9A00584FAD /* Assets.xcassets */,
				42F35C4120449C9A00584FAD /* Info.plist */,
			);
			path = Resources;
			sourceTree = "<group>";
		};
/* End PBXGroup section */

/* Begin PBXNativeTarget section */
		42F35C3120449C9A00584FAD /* MirrorPad */ = {
			isa = PBXNativeTarget;
			buildConfigurationList = 42F35C4420449C9A00584FAD /* Build configuration list for PBXNativeTarget "MirrorPad" */;
			buildPhases = (
				42F35C2E20449C9A00584FAD /* Sources */,
				42F35C2F20449C9A00584FAD /* Frameworks */,
				42F35C3020449C9A00584FAD /* Resources */,
			);
			buildRules = (
			);
			dependencies = (
			);
			name = MirrorPad;
			productName = MirrorPad;
			productReference = 42F35C3220449C9A00584FAD /* MirrorPad.app */;
			productType = "com.apple.product-type.application";
		};
/* End PBXNativeTarget section */

/* Begin PBXProject section */
		42F35C2A20449C9A00584FAD /* Project object */ = {
			isa = PBXProject;
			attributes = {
				LastSwiftUpdateCheck = 0920;
				LastUpgradeCheck = 0930;
				ORGANIZATIONNAME = "Razeware, LLC";
				TargetAttributes = {
					42F35C3120449C9A00584FAD = {
						CreatedOnToolsVersion = 9.2;
						LastSwiftMigration = 1100;
						ProvisioningStyle = Manual;
					};
				};
			};
			buildConfigurationList = 42F35C2D20449C9A00584FAD /* Build configuration list for PBXProject "MirrorPad" */;
			compatibilityVersion = "Xcode 8.0";
			developmentRegion = en;
			hasScannedForEncodings = 0;
			knownRegions = (
				en,
				Base,
			);
			mainGroup = 42F35C2920449C9A00584FAD;
			productRefGroup = 42F35C3320449C9A00584FAD /* Products */;
			projectDirPath = "";
			projectRoot = "";
			targets = (
				42F35C3120449C9A00584FAD /* MirrorPad */,
			);
		};
/* End PBXProject section */

/* Begin PBXResourcesBuildPhase section */
		42F35C3020449C9A00584FAD /* Resources */ = {
			isa = PBXResourcesBuildPhase;
			buildActionMask = 2147483647;
			files = (
				42F35C4020449C9A00584FAD /* LaunchScreen.storyboard in Resources */,
				42F35C3D20449C9A00584FAD /* Assets.xcassets in Resources */,
				42F35C3B20449C9A00584FAD /* Main.storyboard in Resources */,
			);
			runOnlyForDeploymentPostprocessing = 0;
		};
/* End PBXResourcesBuildPhase section */

/* Begin PBXSourcesBuildPhase section */
		42F35C2E20449C9A00584FAD /* Sources */ = {
			isa = PBXSourcesBuildPhase;
			buildActionMask = 2147483647;
			files = (
				42F2A34822FB1AB200FB4283 /* AnimateState.swift in Sources */,
				42F35C3820449C9A00584FAD /* ViewController.swift in Sources */,
				42F2A34C22FB1ABE00FB4283 /* CopyState.swift in Sources */,
				424387E72044A1ED0056B653 /* LineShape.swift in Sources */,
				42F2A34E22FB1AC300FB4283 /* DrawViewState.swift in Sources */,
				42F2A34A22FB1AB800FB4283 /* ClearState.swift in Sources */,
				4286057822F9F46000B7CB17 /* Copying.swift in Sources */,
				42F35C3620449C9A00584FAD /* AppDelegate.swift in Sources */,
				427FB70422FB2B4D00699DDF /* MulticastDelegate.swift in Sources */,
				42F2A34622FB1AAC00FB4283 /* AcceptInputState.swift in Sources */,
				424387E420449D300056B653 /* DrawView.swift in Sources */,
			);
			runOnlyForDeploymentPostprocessing = 0;
		};
/* End PBXSourcesBuildPhase section */

/* Begin PBXVariantGroup section */
		42F35C3920449C9A00584FAD /* Main.storyboard */ = {
			isa = PBXVariantGroup;
			children = (
				42F35C3A20449C9A00584FAD /* Base */,
			);
			name = Main.storyboard;
			sourceTree = "<group>";
		};
		42F35C3E20449C9A00584FAD /* LaunchScreen.storyboard */ = {
			isa = PBXVariantGroup;
			children = (
				42F35C3F20449C9A00584FAD /* Base */,
			);
			name = LaunchScreen.storyboard;
			sourceTree = "<group>";
		};
/* End PBXVariantGroup section */

/* Begin XCBuildConfiguration section */
		42F35C4220449C9A00584FAD /* Debug */ = {
			isa = XCBuildConfiguration;
			buildSettings = {
				ALWAYS_SEARCH_USER_PATHS = NO;
				CLANG_ANALYZER_NONNULL = YES;
				CLANG_ANALYZER_NUMBER_OBJECT_CONVERSION = YES_AGGRESSIVE;
				CLANG_CXX_LANGUAGE_STANDARD = "gnu++14";
				CLANG_CXX_LIBRARY = "libc++";
				CLANG_ENABLE_MODULES = YES;
				CLANG_ENABLE_OBJC_ARC = YES;
				CLANG_WARN_BLOCK_CAPTURE_AUTORELEASING = YES;
				CLANG_WARN_BOOL_CONVERSION = YES;
				CLANG_WARN_COMMA = YES;
				CLANG_WARN_CONSTANT_CONVERSION = YES;
				CLANG_WARN_DEPRECATED_OBJC_IMPLEMENTATIONS = YES;
				CLANG_WARN_DIRECT_OBJC_ISA_USAGE = YES_ERROR;
				CLANG_WARN_DOCUMENTATION_COMMENTS = YES;
				CLANG_WARN_EMPTY_BODY = YES;
				CLANG_WARN_ENUM_CONVERSION = YES;
				CLANG_WARN_INFINITE_RECURSION = YES;
				CLANG_WARN_INT_CONVERSION = YES;
				CLANG_WARN_NON_LITERAL_NULL_CONVERSION = YES;
				CLANG_WARN_OBJC_IMPLICIT_RETAIN_SELF = YES;
				CLANG_WARN_OBJC_LITERAL_CONVERSION = YES;
				CLANG_WARN_OBJC_ROOT_CLASS = YES_ERROR;
				CLANG_WARN_RANGE_LOOP_ANALYSIS = YES;
				CLANG_WARN_STRICT_PROTOTYPES = YES;
				CLANG_WARN_SUSPICIOUS_MOVE = YES;
				CLANG_WARN_UNGUARDED_AVAILABILITY = YES_AGGRESSIVE;
				CLANG_WARN_UNREACHABLE_CODE = YES;
				CLANG_WARN__DUPLICATE_METHOD_MATCH = YES;
				CODE_SIGN_IDENTITY = "iPhone Developer";
				COPY_PHASE_STRIP = NO;
				DEBUG_INFORMATION_FORMAT = dwarf;
				ENABLE_STRICT_OBJC_MSGSEND = YES;
				ENABLE_TESTABILITY = YES;
				GCC_C_LANGUAGE_STANDARD = gnu11;
				GCC_DYNAMIC_NO_PIC = NO;
				GCC_NO_COMMON_BLOCKS = YES;
				GCC_OPTIMIZATION_LEVEL = 0;
				GCC_PREPROCESSOR_DEFINITIONS = (
					"DEBUG=1",
					"$(inherited)",
				);
				GCC_WARN_64_TO_32_BIT_CONVERSION = YES;
				GCC_WARN_ABOUT_RETURN_TYPE = YES_ERROR;
				GCC_WARN_UNDECLARED_SELECTOR = YES;
				GCC_WARN_UNINITIALIZED_AUTOS = YES_AGGRESSIVE;
				GCC_WARN_UNUSED_FUNCTION = YES;
				GCC_WARN_UNUSED_VARIABLE = YES;
				IPHONEOS_DEPLOYMENT_TARGET = 13.0;
				MTL_ENABLE_DEBUG_INFO = YES;
				ONLY_ACTIVE_ARCH = YES;
				SDKROOT = iphoneos;
				SWIFT_ACTIVE_COMPILATION_CONDITIONS = DEBUG;
				SWIFT_OPTIMIZATION_LEVEL = "-Onone";
			};
			name = Debug;
		};
		42F35C4320449C9A00584FAD /* Release */ = {
			isa = XCBuildConfiguration;
			buildSettings = {
				ALWAYS_SEARCH_USER_PATHS = NO;
				CLANG_ANALYZER_NONNULL = YES;
				CLANG_ANALYZER_NUMBER_OBJECT_CONVERSION = YES_AGGRESSIVE;
				CLANG_CXX_LANGUAGE_STANDARD = "gnu++14";
				CLANG_CXX_LIBRARY = "libc++";
				CLANG_ENABLE_MODULES = YES;
				CLANG_ENABLE_OBJC_ARC = YES;
				CLANG_WARN_BLOCK_CAPTURE_AUTORELEASING = YES;
				CLANG_WARN_BOOL_CONVERSION = YES;
				CLANG_WARN_COMMA = YES;
				CLANG_WARN_CONSTANT_CONVERSION = YES;
				CLANG_WARN_DEPRECATED_OBJC_IMPLEMENTATIONS = YES;
				CLANG_WARN_DIRECT_OBJC_ISA_USAGE = YES_ERROR;
				CLANG_WARN_DOCUMENTATION_COMMENTS = YES;
				CLANG_WARN_EMPTY_BODY = YES;
				CLANG_WARN_ENUM_CONVERSION = YES;
				CLANG_WARN_INFINITE_RECURSION = YES;
				CLANG_WARN_INT_CONVERSION = YES;
				CLANG_WARN_NON_LITERAL_NULL_CONVERSION = YES;
				CLANG_WARN_OBJC_IMPLICIT_RETAIN_SELF = YES;
				CLANG_WARN_OBJC_LITERAL_CONVERSION = YES;
				CLANG_WARN_OBJC_ROOT_CLASS = YES_ERROR;
				CLANG_WARN_RANGE_LOOP_ANALYSIS = YES;
				CLANG_WARN_STRICT_PROTOTYPES = YES;
				CLANG_WARN_SUSPICIOUS_MOVE = YES;
				CLANG_WARN_UNGUARDED_AVAILABILITY = YES_AGGRESSIVE;
				CLANG_WARN_UNREACHABLE_CODE = YES;
				CLANG_WARN__DUPLICATE_METHOD_MATCH = YES;
				CODE_SIGN_IDENTITY = "iPhone Developer";
				COPY_PHASE_STRIP = NO;
				DEBUG_INFORMATION_FORMAT = "dwarf-with-dsym";
				ENABLE_NS_ASSERTIONS = NO;
				ENABLE_STRICT_OBJC_MSGSEND = YES;
				GCC_C_LANGUAGE_STANDARD = gnu11;
				GCC_NO_COMMON_BLOCKS = YES;
				GCC_WARN_64_TO_32_BIT_CONVERSION = YES;
				GCC_WARN_ABOUT_RETURN_TYPE = YES_ERROR;
				GCC_WARN_UNDECLARED_SELECTOR = YES;
				GCC_WARN_UNINITIALIZED_AUTOS = YES_AGGRESSIVE;
				GCC_WARN_UNUSED_FUNCTION = YES;
				GCC_WARN_UNUSED_VARIABLE = YES;
				IPHONEOS_DEPLOYMENT_TARGET = 13.0;
				MTL_ENABLE_DEBUG_INFO = NO;
				SDKROOT = iphoneos;
				SWIFT_OPTIMIZATION_LEVEL = "-Owholemodule";
				VALIDATE_PRODUCT = YES;
			};
			name = Release;
		};
		42F35C4520449C9A00584FAD /* Debug */ = {
			isa = XCBuildConfiguration;
			buildSettings = {
				ASSETCATALOG_COMPILER_APPICON_NAME = AppIcon;
				CODE_SIGN_STYLE = Manual;
				DEVELOPMENT_TEAM = "";
				INFOPLIST_FILE = "$(SRCROOT)/MirrorPad/Resources/Info.plist";
				IPHONEOS_DEPLOYMENT_TARGET = 13.0;
				LD_RUNPATH_SEARCH_PATHS = "$(inherited) @executable_path/Frameworks";
				PRODUCT_BUNDLE_IDENTIFIER = com.raywenderlich.MirrorPad;
				PRODUCT_NAME = "$(TARGET_NAME)";
				PROVISIONING_PROFILE_SPECIFIER = "";
				SWIFT_VERSION = 5.0;
				TARGETED_DEVICE_FAMILY = "1,2";
			};
			name = Debug;
		};
		42F35C4620449C9A00584FAD /* Release */ = {
			isa = XCBuildConfiguration;
			buildSettings = {
				ASSETCATALOG_COMPILER_APPICON_NAME = AppIcon;
				CODE_SIGN_STYLE = Manual;
				DEVELOPMENT_TEAM = "";
				INFOPLIST_FILE = "$(SRCROOT)/MirrorPad/Resources/Info.plist";
				IPHONEOS_DEPLOYMENT_TARGET = 13.0;
				LD_RUNPATH_SEARCH_PATHS = "$(inherited) @executable_path/Frameworks";
				PRODUCT_BUNDLE_IDENTIFIER = com.raywenderlich.MirrorPad;
				PRODUCT_NAME = "$(TARGET_NAME)";
				PROVISIONING_PROFILE_SPECIFIER = "";
				SWIFT_VERSION = 5.0;
				TARGETED_DEVICE_FAMILY = "1,2";
			};
			name = Release;
		};
/* End XCBuildConfiguration section */

/* Begin XCConfigurationList section */
		42F35C2D20449C9A00584FAD /* Build configuration list for PBXProject "MirrorPad" */ = {
			isa = XCConfigurationList;
			buildConfigurations = (
				42F35C4220449C9A00584FAD /* Debug */,
				42F35C4320449C9A00584FAD /* Release */,
			);
			defaultConfigurationIsVisible = 0;
			defaultConfigurationName = Release;
		};
		42F35C4420449C9A00584FAD /* Build configuration list for PBXNativeTarget "MirrorPad" */ = {
			isa = XCConfigurationList;
			buildConfigurations = (
				42F35C4520449C9A00584FAD /* Debug */,
				42F35C4620449C9A00584FAD /* Release */,
			);
			defaultConfigurationIsVisible = 0;
			defaultConfigurationName = Release;
		};
/* End XCConfigurationList section */
	};
	rootObject = 42F35C2A20449C9A00584FAD /* Project object */;
}
