// !$*UTF8*$!
{
	archiveVersion = 1;
	classes = {
	};
	objectVersion = 50;
	objects = {

/* Begin PBXBuildFile section */
		424452A322EC2AFB001C3BC3 /* AppDelegate.swift in Sources */ = {isa = PBXBuildFile; fileRef = 424452A222EC2AFB001C3BC3 /* AppDelegate.swift */; };
		424452A522EC2AFB001C3BC3 /* SceneDelegate.swift in Sources */ = {isa = PBXBuildFile; fileRef = 424452A422EC2AFB001C3BC3 /* SceneDelegate.swift */; };
		424452A722EC2AFB001C3BC3 /* QuestionViewController.swift in Sources */ = {isa = PBXBuildFile; fileRef = 424452A622EC2AFB001C3BC3 /* QuestionViewController.swift */; };
		424452AA22EC2AFB001C3BC3 /* Main.storyboard in Resources */ = {isa = PBXBuildFile; fileRef = 424452A822EC2AFB001C3BC3 /* Main.storyboard */; };
		425C94B222EF21C1007B51EE /* Question.swift in Sources */ = {isa = PBXBuildFile; fileRef = 425C94B122EF21C1007B51EE /* Question.swift */; };
		425C94B422EF21D3007B51EE /* QuestionGroup.swift in Sources */ = {isa = PBXBuildFile; fileRef = 425C94B322EF21D3007B51EE /* QuestionGroup.swift */; };
		425C94B622EF22BC007B51EE /* QuestionGroupData.swift in Sources */ = {isa = PBXBuildFile; fileRef = 425C94B522EF22BC007B51EE /* QuestionGroupData.swift */; };
		425C94B822EF3314007B51EE /* Assets.xcassets in Resources */ = {isa = PBXBuildFile; fileRef = 425C94B722EF3314007B51EE /* Assets.xcassets */; };
		425C94BA22EF3328007B51EE /* LaunchScreen.storyboard in Resources */ = {isa = PBXBuildFile; fileRef = 425C94B922EF3327007B51EE /* LaunchScreen.storyboard */; };
		425C94BC22EF3371007B51EE /* QuestionView.swift in Sources */ = {isa = PBXBuildFile; fileRef = 425C94BB22EF3371007B51EE /* QuestionView.swift */; };
/* End PBXBuildFile section */

/* Begin PBXFileReference section */
		4244529F22EC2AFB001C3BC3 /* RabbleWabble.app */ = {isa = PBXFileReference; explicitFileType = wrapper.application; includeInIndex = 0; path = RabbleWabble.app; sourceTree = BUILT_PRODUCTS_DIR; };
		424452A222EC2AFB001C3BC3 /* AppDelegate.swift */ = {isa = PBXFileReference; lastKnownFileType = sourcecode.swift; path = AppDelegate.swift; sourceTree = "<group>"; };
		424452A422EC2AFB001C3BC3 /* SceneDelegate.swift */ = {isa = PBXFileReference; lastKnownFileType = sourcecode.swift; path = SceneDelegate.swift; sourceTree = "<group>"; };
		424452A622EC2AFB001C3BC3 /* QuestionViewController.swift */ = {isa = PBXFileReference; lastKnownFileType = sourcecode.swift; path = QuestionViewController.swift; sourceTree = "<group>"; };
		424452A922EC2AFB001C3BC3 /* Base */ = {isa = PBXFileReference; lastKnownFileType = file.storyboard; name = Base; path = Base.lproj/Main.storyboard; sourceTree = "<group>"; };
		424452B022EC2AFC001C3BC3 /* Info.plist */ = {isa = PBXFileReference; lastKnownFileType = text.plist.xml; path = Info.plist; sourceTree = "<group>"; };
		425C94B122EF21C1007B51EE /* Question.swift */ = {isa = PBXFileReference; lastKnownFileType = sourcecode.swift; path = Question.swift; sourceTree = "<group>"; };
		425C94B322EF21D3007B51EE /* QuestionGroup.swift */ = {isa = PBXFileReference; lastKnownFileType = sourcecode.swift; path = QuestionGroup.swift; sourceTree = "<group>"; };
		425C94B522EF22BC007B51EE /* QuestionGroupData.swift */ = {isa = PBXFileReference; fileEncoding = 4; lastKnownFileType = sourcecode.swift; path = QuestionGroupData.swift; sourceTree = "<group>"; };
		425C94B722EF3314007B51EE /* Assets.xcassets */ = {isa = PBXFileReference; lastKnownFileType = folder.assetcatalog; path = Assets.xcassets; sourceTree = "<group>"; };
		425C94B922EF3327007B51EE /* LaunchScreen.storyboard */ = {isa = PBXFileReference; fileEncoding = 4; lastKnownFileType = file.storyboard; path = LaunchScreen.storyboard; sourceTree = "<group>"; };
		425C94BB22EF3371007B51EE /* QuestionView.swift */ = {isa = PBXFileReference; lastKnownFileType = sourcecode.swift; path = QuestionView.swift; sourceTree = "<group>"; };
/* End PBXFileReference section */

/* Begin PBXFrameworksBuildPhase section */
		4244529C22EC2AFB001C3BC3 /* Frameworks */ = {
			isa = PBXFrameworksBuildPhase;
			buildActionMask = 2147483647;
			files = (
			);
			runOnlyForDeploymentPostprocessing = 0;
		};
/* End PBXFrameworksBuildPhase section */

/* Begin PBXGroup section */
		420C7C5122EC8F1600472B72 /* AppDelegate */ = {
			isa = PBXGroup;
			children = (
				424452A222EC2AFB001C3BC3 /* AppDelegate.swift */,
				424452A422EC2AFB001C3BC3 /* SceneDelegate.swift */,
			);
			path = AppDelegate;
			sourceTree = "<group>";
		};
		420C7C5222EC8F3700472B72 /* Controllers */ = {
			isa = PBXGroup;
			children = (
				424452A622EC2AFB001C3BC3 /* QuestionViewController.swift */,
			);
			path = Controllers;
			sourceTree = "<group>";
		};
		420C7C5322EC8F5900472B72 /* Models */ = {
			isa = PBXGroup;
			children = (
				425C94B122EF21C1007B51EE /* Question.swift */,
				425C94B322EF21D3007B51EE /* QuestionGroup.swift */,
				425C94B522EF22BC007B51EE /* QuestionGroupData.swift */,
			);
			path = Models;
			sourceTree = "<group>";
		};
		420C7C5422EC8F5D00472B72 /* Resources */ = {
			isa = PBXGroup;
			children = (
				425C94B722EF3314007B51EE /* Assets.xcassets */,
				424452B022EC2AFC001C3BC3 /* Info.plist */,
			);
			path = Resources;
			sourceTree = "<group>";
		};
		420C7C5522EC8F6200472B72 /* Views */ = {
			isa = PBXGroup;
			children = (
				425C94B922EF3327007B51EE /* LaunchScreen.storyboard */,
				424452A822EC2AFB001C3BC3 /* Main.storyboard */,
				425C94BB22EF3371007B51EE /* QuestionView.swift */,
			);
			path = Views;
			sourceTree = "<group>";
		};
		4244529622EC2AFB001C3BC3 = {
			isa = PBXGroup;
			children = (
				424452A122EC2AFB001C3BC3 /* RabbleWabble */,
				424452A022EC2AFB001C3BC3 /* Products */,
			);
			sourceTree = "<group>";
		};
		424452A022EC2AFB001C3BC3 /* Products */ = {
			isa = PBXGroup;
			children = (
				4244529F22EC2AFB001C3BC3 /* RabbleWabble.app */,
			);
			name = Products;
			sourceTree = "<group>";
		};
		424452A122EC2AFB001C3BC3 /* RabbleWabble */ = {
			isa = PBXGroup;
			children = (
				420C7C5122EC8F1600472B72 /* AppDelegate */,
				420C7C5222EC8F3700472B72 /* Controllers */,
				420C7C5322EC8F5900472B72 /* Models */,
				420C7C5422EC8F5D00472B72 /* Resources */,
				420C7C5522EC8F6200472B72 /* Views */,
			);
			path = RabbleWabble;
			sourceTree = "<group>";
		};
/* End PBXGroup section */

/* Begin PBXNativeTarget section */
		4244529E22EC2AFB001C3BC3 /* RabbleWabble */ = {
			isa = PBXNativeTarget;
			buildConfigurationList = 424452B322EC2AFC001C3BC3 /* Build configuration list for PBXNativeTarget "RabbleWabble" */;
			buildPhases = (
				4244529B22EC2AFB001C3BC3 /* Sources */,
				4244529C22EC2AFB001C3BC3 /* Frameworks */,
				4244529D22EC2AFB001C3BC3 /* Resources */,
			);
			buildRules = (
			);
			dependencies = (
			);
			name = RabbleWabble;
			productName = RabbleWabble;
			productReference = 4244529F22EC2AFB001C3BC3 /* RabbleWabble.app */;
			productType = "com.apple.product-type.application";
		};
/* End PBXNativeTarget section */

/* Begin PBXProject section */
		4244529722EC2AFB001C3BC3 /* Project object */ = {
			isa = PBXProject;
			attributes = {
				LastSwiftUpdateCheck = 1100;
				LastUpgradeCheck = 1100;
				ORGANIZATIONNAME = "Razeware, LLC";
				TargetAttributes = {
					4244529E22EC2AFB001C3BC3 = {
						CreatedOnToolsVersion = 11.0;
					};
				};
			};
			buildConfigurationList = 4244529A22EC2AFB001C3BC3 /* Build configuration list for PBXProject "RabbleWabble" */;
			compatibilityVersion = "Xcode 9.3";
			developmentRegion = en;
			hasScannedForEncodings = 0;
			knownRegions = (
				en,
				Base,
			);
			mainGroup = 4244529622EC2AFB001C3BC3;
			productRefGroup = 424452A022EC2AFB001C3BC3 /* Products */;
			projectDirPath = "";
			projectRoot = "";
			targets = (
				4244529E22EC2AFB001C3BC3 /* RabbleWabble */,
			);
		};
/* End PBXProject section */

/* Begin PBXResourcesBuildPhase section */
		4244529D22EC2AFB001C3BC3 /* Resources */ = {
			isa = PBXResourcesBuildPhase;
			buildActionMask = 2147483647;
			files = (
				425C94BA22EF3328007B51EE /* LaunchScreen.storyboard in Resources */,
				425C94B822EF3314007B51EE /* Assets.xcassets in Resources */,
				424452AA22EC2AFB001C3BC3 /* Main.storyboard in Resources */,
			);
			runOnlyForDeploymentPostprocessing = 0;
		};
/* End PBXResourcesBuildPhase section */

/* Begin PBXSourcesBuildPhase section */
		4244529B22EC2AFB001C3BC3 /* Sources */ = {
			isa = PBXSourcesBuildPhase;
			buildActionMask = 2147483647;
			files = (
				424452A722EC2AFB001C3BC3 /* QuestionViewController.swift in Sources */,
				425C94B222EF21C1007B51EE /* Question.swift in Sources */,
				424452A322EC2AFB001C3BC3 /* AppDelegate.swift in Sources */,
				425C94BC22EF3371007B51EE /* QuestionView.swift in Sources */,
				425C94B622EF22BC007B51EE /* QuestionGroupData.swift in Sources */,
				425C94B422EF21D3007B51EE /* QuestionGroup.swift in Sources */,
				424452A522EC2AFB001C3BC3 /* SceneDelegate.swift in Sources */,
			);
			runOnlyForDeploymentPostprocessing = 0;
		};
/* End PBXSourcesBuildPhase section */

/* Begin PBXVariantGroup section */
		424452A822EC2AFB001C3BC3 /* Main.storyboard */ = {
			isa = PBXVariantGroup;
			children = (
				424452A922EC2AFB001C3BC3 /* Base */,
			);
			name = Main.storyboard;
			sourceTree = "<group>";
		};
/* End PBXVariantGroup section */

/* Begin XCBuildConfiguration section */
		424452B122EC2AFC001C3BC3 /* Debug */ = {
			isa = XCBuildConfiguration;
			buildSettings = {
				ALWAYS_SEARCH_USER_PATHS = NO;
				CLANG_ANALYZER_NONNULL = YES;
				CLANG_ANALYZER_NUMBER_OBJECT_CONVERSION = YES_AGGRESSIVE;
				CLANG_CXX_LANGUAGE_STANDARD = "gnu++14";
				CLANG_CXX_LIBRARY = "libc++";
				CLANG_ENABLE_MODULES = YES;
				CLANG_ENABLE_OBJC_ARC = YES;
				CLANG_ENABLE_OBJC_WEAK = YES;
				CLANG_WARN_BLOCK_CAPTURE_AUTORELEASING = YES;
				CLANG_WARN_BOOL_CONVERSION = YES;
				CLANG_WARN_COMMA = YES;
				CLANG_WARN_CONSTANT_CONVERSION = YES;
				CLANG_WARN_DEPRECATED_OBJC_IMPLEMENTATIONS = YES;
				CLANG_WARN_DIRECT_OBJC_ISA_USAGE = YES_ERROR;
				CLANG_WARN_DOCUMENTATION_COMMENTS = YES;
				CLANG_WARN_EMPTY_BODY = YES;
				CLANG_WARN_ENUM_CONVERSION = YES;
				CLANG_WARN_INFINITE_RECURSION = YES;
				CLANG_WARN_INT_CONVERSION = YES;
				CLANG_WARN_NON_LITERAL_NULL_CONVERSION = YES;
				CLANG_WARN_OBJC_IMPLICIT_RETAIN_SELF = YES;
				CLANG_WARN_OBJC_LITERAL_CONVERSION = YES;
				CLANG_WARN_OBJC_ROOT_CLASS = YES_ERROR;
				CLANG_WARN_RANGE_LOOP_ANALYSIS = YES;
				CLANG_WARN_STRICT_PROTOTYPES = YES;
				CLANG_WARN_SUSPICIOUS_MOVE = YES;
				CLANG_WARN_UNGUARDED_AVAILABILITY = YES_AGGRESSIVE;
				CLANG_WARN_UNREACHABLE_CODE = YES;
				CLANG_WARN__DUPLICATE_METHOD_MATCH = YES;
				COPY_PHASE_STRIP = NO;
				DEBUG_INFORMATION_FORMAT = dwarf;
				ENABLE_STRICT_OBJC_MSGSEND = YES;
				ENABLE_TESTABILITY = YES;
				GCC_C_LANGUAGE_STANDARD = gnu11;
				GCC_DYNAMIC_NO_PIC = NO;
				GCC_NO_COMMON_BLOCKS = YES;
				GCC_OPTIMIZATION_LEVEL = 0;
				GCC_PREPROCESSOR_DEFINITIONS = (
					"DEBUG=1",
					"$(inherited)",
				);
				GCC_WARN_64_TO_32_BIT_CONVERSION = YES;
				GCC_WARN_ABOUT_RETURN_TYPE = YES_ERROR;
				GCC_WARN_UNDECLARED_SELECTOR = YES;
				GCC_WARN_UNINITIALIZED_AUTOS = YES_AGGRESSIVE;
				GCC_WARN_UNUSED_FUNCTION = YES;
				GCC_WARN_UNUSED_VARIABLE = YES;
				IPHONEOS_DEPLOYMENT_TARGET = 13.0;
				MTL_ENABLE_DEBUG_INFO = INCLUDE_SOURCE;
				MTL_FAST_MATH = YES;
				ONLY_ACTIVE_ARCH = YES;
				SDKROOT = iphoneos;
				SWIFT_ACTIVE_COMPILATION_CONDITIONS = DEBUG;
				SWIFT_OPTIMIZATION_LEVEL = "-Onone";
			};
			name = Debug;
		};
		424452B222EC2AFC001C3BC3 /* Release */ = {
			isa = XCBuildConfiguration;
			buildSettings = {
				ALWAYS_SEARCH_USER_PATHS = NO;
				CLANG_ANALYZER_NONNULL = YES;
				CLANG_ANALYZER_NUMBER_OBJECT_CONVERSION = YES_AGGRESSIVE;
				CLANG_CXX_LANGUAGE_STANDARD = "gnu++14";
				CLANG_CXX_LIBRARY = "libc++";
				CLANG_ENABLE_MODULES = YES;
				CLANG_ENABLE_OBJC_ARC = YES;
				CLANG_ENABLE_OBJC_WEAK = YES;
				CLANG_WARN_BLOCK_CAPTURE_AUTORELEASING = YES;
				CLANG_WARN_BOOL_CONVERSION = YES;
				CLANG_WARN_COMMA = YES;
				CLANG_WARN_CONSTANT_CONVERSION = YES;
				CLANG_WARN_DEPRECATED_OBJC_IMPLEMENTATIONS = YES;
				CLANG_WARN_DIRECT_OBJC_ISA_USAGE = YES_ERROR;
				CLANG_WARN_DOCUMENTATION_COMMENTS = YES;
				CLANG_WARN_EMPTY_BODY = YES;
				CLANG_WARN_ENUM_CONVERSION = YES;
				CLANG_WARN_INFINITE_RECURSION = YES;
				CLANG_WARN_INT_CONVERSION = YES;
				CLANG_WARN_NON_LITERAL_NULL_CONVERSION = YES;
				CLANG_WARN_OBJC_IMPLICIT_RETAIN_SELF = YES;
				CLANG_WARN_OBJC_LITERAL_CONVERSION = YES;
				CLANG_WARN_OBJC_ROOT_CLASS = YES_ERROR;
				CLANG_WARN_RANGE_LOOP_ANALYSIS = YES;
				CLANG_WARN_STRICT_PROTOTYPES = YES;
				CLANG_WARN_SUSPICIOUS_MOVE = YES;
				CLANG_WARN_UNGUARDED_AVAILABILITY = YES_AGGRESSIVE;
				CLANG_WARN_UNREACHABLE_CODE = YES;
				CLANG_WARN__DUPLICATE_METHOD_MATCH = YES;
				COPY_PHASE_STRIP = NO;
				DEBUG_INFORMATION_FORMAT = "dwarf-with-dsym";
				ENABLE_NS_ASSERTIONS = NO;
				ENABLE_STRICT_OBJC_MSGSEND = YES;
				GCC_C_LANGUAGE_STANDARD = gnu11;
				GCC_NO_COMMON_BLOCKS = YES;
				GCC_WARN_64_TO_32_BIT_CONVERSION = YES;
				GCC_WARN_ABOUT_RETURN_TYPE = YES_ERROR;
				GCC_WARN_UNDECLARED_SELECTOR = YES;
				GCC_WARN_UNINITIALIZED_AUTOS = YES_AGGRESSIVE;
				GCC_WARN_UNUSED_FUNCTION = YES;
				GCC_WARN_UNUSED_VARIABLE = YES;
				IPHONEOS_DEPLOYMENT_TARGET = 13.0;
				MTL_ENABLE_DEBUG_INFO = NO;
				MTL_FAST_MATH = YES;
				SDKROOT = iphoneos;
				SWIFT_COMPILATION_MODE = wholemodule;
				SWIFT_OPTIMIZATION_LEVEL = "-O";
				VALIDATE_PRODUCT = YES;
			};
			name = Release;
		};
		424452B422EC2AFC001C3BC3 /* Debug */ = {
			isa = XCBuildConfiguration;
			buildSettings = {
				ASSETCATALOG_COMPILER_APPICON_NAME = AppIcon;
				CODE_SIGN_STYLE = Automatic;
				INFOPLIST_FILE = RabbleWabble/Resources/Info.plist;
				LD_RUNPATH_SEARCH_PATHS = (
					"$(inherited)",
					"@executable_path/Frameworks",
				);
				PRODUCT_BUNDLE_IDENTIFIER = com.raywenderlich.RabbleWabble;
				PRODUCT_NAME = "$(TARGET_NAME)";
				SWIFT_VERSION = 5.0;
				TARGETED_DEVICE_FAMILY = "1,2";
			};
			name = Debug;
		};
		424452B522EC2AFC001C3BC3 /* Release */ = {
			isa = XCBuildConfiguration;
			buildSettings = {
				ASSETCATALOG_COMPILER_APPICON_NAME = AppIcon;
				CODE_SIGN_STYLE = Automatic;
				INFOPLIST_FILE = RabbleWabble/Resources/Info.plist;
				LD_RUNPATH_SEARCH_PATHS = (
					"$(inherited)",
					"@executable_path/Frameworks",
				);
				PRODUCT_BUNDLE_IDENTIFIER = com.raywenderlich.RabbleWabble;
				PRODUCT_NAME = "$(TARGET_NAME)";
				SWIFT_VERSION = 5.0;
				TARGETED_DEVICE_FAMILY = "1,2";
			};
			name = Release;
		};
/* End XCBuildConfiguration section */

/* Begin XCConfigurationList section */
		4244529A22EC2AFB001C3BC3 /* Build configuration list for PBXProject "RabbleWabble" */ = {
			isa = XCConfigurationList;
			buildConfigurations = (
				424452B122EC2AFC001C3BC3 /* Debug */,
				424452B222EC2AFC001C3BC3 /* Release */,
			);
			defaultConfigurationIsVisible = 0;
			defaultConfigurationName = Release;
		};
		424452B322EC2AFC001C3BC3 /* Build configuration list for PBXNativeTarget "RabbleWabble" */ = {
			isa = XCConfigurationList;
			buildConfigurations = (
				424452B422EC2AFC001C3BC3 /* Debug */,
				424452B522EC2AFC001C3BC3 /* Release */,
			);
			defaultConfigurationIsVisible = 0;
			defaultConfigurationName = Release;
		};
/* End XCConfigurationList section */
	};
	rootObject = 4244529722EC2AFB001C3BC3 /* Project object */;
}
