// !$*UTF8*$!
{
	archiveVersion = 1;
	classes = {
	};
	objectVersion = 48;
	objects = {

/* Begin PBXBuildFile section */
		4252EAAA2023E05900847430 /* APIKeys.swift in Sources */ = {isa = PBXBuildFile; fileRef = 4252EAA92023E05900847430 /* APIKeys.swift */; };
		C35933852023BF5700D85500 /* AppDelegate.swift in Sources */ = {isa = PBXBuildFile; fileRef = C35933842023BF5700D85500 /* AppDelegate.swift */; };
		C35933872023BF5700D85500 /* ViewController.swift in Sources */ = {isa = PBXBuildFile; fileRef = C35933862023BF5700D85500 /* ViewController.swift */; };
		C359338A2023BF5700D85500 /* Main.storyboard in Resources */ = {isa = PBXBuildFile; fileRef = C35933882023BF5700D85500 /* Main.storyboard */; };
		C359338C2023BF5700D85500 /* Assets.xcassets in Resources */ = {isa = PBXBuildFile; fileRef = C359338B2023BF5700D85500 /* Assets.xcassets */; };
		C359338F2023BF5700D85500 /* LaunchScreen.storyboard in Resources */ = {isa = PBXBuildFile; fileRef = C359338D2023BF5700D85500 /* LaunchScreen.storyboard */; };
		C35933972023D71C00D85500 /* BusinessMapViewModel.swift in Sources */ = {isa = PBXBuildFile; fileRef = C35933962023D71C00D85500 /* BusinessMapViewModel.swift */; };
		C38756A0E9013F2F1E6253E0 /* Pods_CoffeeQuest.framework in Frameworks */ = {isa = PBXBuildFile; fileRef = C7C9278042C96775D875EE9F /* Pods_CoffeeQuest.framework */; };
/* End PBXBuildFile section */

/* Begin PBXFileReference section */
		0EB69E332F1CF61F584429C4 /* Pods-CoffeeQuest.release.xcconfig */ = {isa = PBXFileReference; includeInIndex = 1; lastKnownFileType = text.xcconfig; name = "Pods-CoffeeQuest.release.xcconfig"; path = "Pods/Target Support Files/Pods-CoffeeQuest/Pods-CoffeeQuest.release.xcconfig"; sourceTree = "<group>"; };
		4252EAA92023E05900847430 /* APIKeys.swift */ = {isa = PBXFileReference; lastKnownFileType = sourcecode.swift; path = APIKeys.swift; sourceTree = "<group>"; };
		75B5478A401116797B732C06 /* Pods-CoffeeQuest.debug.xcconfig */ = {isa = PBXFileReference; includeInIndex = 1; lastKnownFileType = text.xcconfig; name = "Pods-CoffeeQuest.debug.xcconfig"; path = "Pods/Target Support Files/Pods-CoffeeQuest/Pods-CoffeeQuest.debug.xcconfig"; sourceTree = "<group>"; };
		C35933812023BF5700D85500 /* CoffeeQuest.app */ = {isa = PBXFileReference; explicitFileType = wrapper.application; includeInIndex = 0; path = CoffeeQuest.app; sourceTree = BUILT_PRODUCTS_DIR; };
		C35933842023BF5700D85500 /* AppDelegate.swift */ = {isa = PBXFileReference; lastKnownFileType = sourcecode.swift; path = AppDelegate.swift; sourceTree = "<group>"; };
		C35933862023BF5700D85500 /* ViewController.swift */ = {isa = PBXFileReference; lastKnownFileType = sourcecode.swift; path = ViewController.swift; sourceTree = "<group>"; };
		C35933892023BF5700D85500 /* Base */ = {isa = PBXFileReference; lastKnownFileType = file.storyboard; name = Base; path = Base.lproj/Main.storyboard; sourceTree = "<group>"; };
		C359338B2023BF5700D85500 /* Assets.xcassets */ = {isa = PBXFileReference; lastKnownFileType = folder.assetcatalog; path = Assets.xcassets; sourceTree = "<group>"; };
		C359338E2023BF5700D85500 /* Base */ = {isa = PBXFileReference; lastKnownFileType = file.storyboard; name = Base; path = Base.lproj/LaunchScreen.storyboard; sourceTree = "<group>"; };
		C35933902023BF5700D85500 /* Info.plist */ = {isa = PBXFileReference; lastKnownFileType = text.plist.xml; path = Info.plist; sourceTree = "<group>"; };
		C35933962023D71C00D85500 /* BusinessMapViewModel.swift */ = {isa = PBXFileReference; lastKnownFileType = sourcecode.swift; path = BusinessMapViewModel.swift; sourceTree = "<group>"; };
		C7C9278042C96775D875EE9F /* Pods_CoffeeQuest.framework */ = {isa = PBXFileReference; explicitFileType = wrapper.framework; includeInIndex = 0; path = Pods_CoffeeQuest.framework; sourceTree = BUILT_PRODUCTS_DIR; };
/* End PBXFileReference section */

/* Begin PBXFrameworksBuildPhase section */
		C359337E2023BF5700D85500 /* Frameworks */ = {
			isa = PBXFrameworksBuildPhase;
			buildActionMask = 2147483647;
			files = (
				C38756A0E9013F2F1E6253E0 /* Pods_CoffeeQuest.framework in Frameworks */,
			);
			runOnlyForDeploymentPostprocessing = 0;
		};
/* End PBXFrameworksBuildPhase section */

/* Begin PBXGroup section */
		4252EAA42023DFE500847430 /* AppDelegate */ = {
			isa = PBXGroup;
			children = (
				C35933842023BF5700D85500 /* AppDelegate.swift */,
			);
			path = AppDelegate;
			sourceTree = "<group>";
		};
		4252EAA52023DFE800847430 /* Controllers */ = {
			isa = PBXGroup;
			children = (
				C35933862023BF5700D85500 /* ViewController.swift */,
			);
			path = Controllers;
			sourceTree = "<group>";
		};
		4252EAA62023DFEE00847430 /* ViewModels */ = {
			isa = PBXGroup;
			children = (
				C35933962023D71C00D85500 /* BusinessMapViewModel.swift */,
			);
			path = ViewModels;
			sourceTree = "<group>";
		};
		4252EAA72023DFF400847430 /* Views */ = {
			isa = PBXGroup;
			children = (
				C359338D2023BF5700D85500 /* LaunchScreen.storyboard */,
				C35933882023BF5700D85500 /* Main.storyboard */,
			);
			path = Views;
			sourceTree = "<group>";
		};
		4252EAA82023DFFB00847430 /* Resources */ = {
			isa = PBXGroup;
			children = (
				4252EAA92023E05900847430 /* APIKeys.swift */,
				C359338B2023BF5700D85500 /* Assets.xcassets */,
				C35933902023BF5700D85500 /* Info.plist */,
			);
			path = Resources;
			sourceTree = "<group>";
		};
		5FEA8354D6F6EA2089B72C93 /* Frameworks */ = {
			isa = PBXGroup;
			children = (
				C7C9278042C96775D875EE9F /* Pods_CoffeeQuest.framework */,
			);
			name = Frameworks;
			sourceTree = "<group>";
		};
		C1EFE88AC37DC2B295A4CA23 /* Pods */ = {
			isa = PBXGroup;
			children = (
				75B5478A401116797B732C06 /* Pods-CoffeeQuest.debug.xcconfig */,
				0EB69E332F1CF61F584429C4 /* Pods-CoffeeQuest.release.xcconfig */,
			);
			name = Pods;
			sourceTree = "<group>";
		};
		C35933782023BF5700D85500 = {
			isa = PBXGroup;
			children = (
				C35933832023BF5700D85500 /* CoffeeQuest */,
				C35933822023BF5700D85500 /* Products */,
				C1EFE88AC37DC2B295A4CA23 /* Pods */,
				5FEA8354D6F6EA2089B72C93 /* Frameworks */,
			);
			indentWidth = 2;
			sourceTree = "<group>";
			tabWidth = 2;
		};
		C35933822023BF5700D85500 /* Products */ = {
			isa = PBXGroup;
			children = (
				C35933812023BF5700D85500 /* CoffeeQuest.app */,
			);
			name = Products;
			sourceTree = "<group>";
		};
		C35933832023BF5700D85500 /* CoffeeQuest */ = {
			isa = PBXGroup;
			children = (
				4252EAA42023DFE500847430 /* AppDelegate */,
				4252EAA52023DFE800847430 /* Controllers */,
				4252EAA82023DFFB00847430 /* Resources */,
				4252EAA62023DFEE00847430 /* ViewModels */,
				4252EAA72023DFF400847430 /* Views */,
			);
			path = CoffeeQuest;
			sourceTree = "<group>";
		};
/* End PBXGroup section */

/* Begin PBXNativeTarget section */
		C35933802023BF5700D85500 /* CoffeeQuest */ = {
			isa = PBXNativeTarget;
			buildConfigurationList = C35933932023BF5700D85500 /* Build configuration list for PBXNativeTarget "CoffeeQuest" */;
			buildPhases = (
				EBC244A6C9AE6EAD5FEC000A /* [CP] Check Pods Manifest.lock */,
				C359337D2023BF5700D85500 /* Sources */,
				C359337E2023BF5700D85500 /* Frameworks */,
				C359337F2023BF5700D85500 /* Resources */,
				91F17872CA1D22478BF42DCC /* [CP] Embed Pods Frameworks */,
			);
			buildRules = (
			);
			dependencies = (
			);
			name = CoffeeQuest;
			productName = CoffeeQuest;
			productReference = C35933812023BF5700D85500 /* CoffeeQuest.app */;
			productType = "com.apple.product-type.application";
		};
/* End PBXNativeTarget section */

/* Begin PBXProject section */
		C35933792023BF5700D85500 /* Project object */ = {
			isa = PBXProject;
			attributes = {
				LastSwiftUpdateCheck = 0920;
				LastUpgradeCheck = 0930;
				ORGANIZATIONNAME = "Jay Strawn";
				TargetAttributes = {
					C35933802023BF5700D85500 = {
						CreatedOnToolsVersion = 9.2;
						LastSwiftMigration = 1100;
						ProvisioningStyle = Manual;
					};
				};
			};
			buildConfigurationList = C359337C2023BF5700D85500 /* Build configuration list for PBXProject "CoffeeQuest" */;
			compatibilityVersion = "Xcode 8.0";
			developmentRegion = en;
			hasScannedForEncodings = 0;
			knownRegions = (
				en,
				Base,
			);
			mainGroup = C35933782023BF5700D85500;
			productRefGroup = C35933822023BF5700D85500 /* Products */;
			projectDirPath = "";
			projectRoot = "";
			targets = (
				C35933802023BF5700D85500 /* CoffeeQuest */,
			);
		};
/* End PBXProject section */

/* Begin PBXResourcesBuildPhase section */
		C359337F2023BF5700D85500 /* Resources */ = {
			isa = PBXResourcesBuildPhase;
			buildActionMask = 2147483647;
			files = (
				C359338F2023BF5700D85500 /* LaunchScreen.storyboard in Resources */,
				C359338C2023BF5700D85500 /* Assets.xcassets in Resources */,
				C359338A2023BF5700D85500 /* Main.storyboard in Resources */,
			);
			runOnlyForDeploymentPostprocessing = 0;
		};
/* End PBXResourcesBuildPhase section */

/* Begin PBXShellScriptBuildPhase section */
		91F17872CA1D22478BF42DCC /* [CP] Embed Pods Frameworks */ = {
			isa = PBXShellScriptBuildPhase;
			buildActionMask = 2147483647;
			files = (
			);
			inputPaths = (
				"${PODS_ROOT}/Target Support Files/Pods-CoffeeQuest/Pods-CoffeeQuest-frameworks.sh",
				"${BUILT_PRODUCTS_DIR}/YelpAPI/YelpAPI.framework",
			);
			name = "[CP] Embed Pods Frameworks";
			outputPaths = (
				"${TARGET_BUILD_DIR}/${FRAMEWORKS_FOLDER_PATH}/YelpAPI.framework",
			);
			runOnlyForDeploymentPostprocessing = 0;
			shellPath = /bin/sh;
			shellScript = "\"${PODS_ROOT}/Target Support Files/Pods-CoffeeQuest/Pods-CoffeeQuest-frameworks.sh\"\n";
			showEnvVarsInLog = 0;
		};
		EBC244A6C9AE6EAD5FEC000A /* [CP] Check Pods Manifest.lock */ = {
			isa = PBXShellScriptBuildPhase;
			buildActionMask = 2147483647;
			files = (
			);
			inputPaths = (
				"${PODS_PODFILE_DIR_PATH}/Podfile.lock",
				"${PODS_ROOT}/Manifest.lock",
			);
			name = "[CP] Check Pods Manifest.lock";
			outputPaths = (
				"$(DERIVED_FILE_DIR)/Pods-CoffeeQuest-checkManifestLockResult.txt",
			);
			runOnlyForDeploymentPostprocessing = 0;
			shellPath = /bin/sh;
			shellScript = "diff \"${PODS_PODFILE_DIR_PATH}/Podfile.lock\" \"${PODS_ROOT}/Manifest.lock\" > /dev/null\nif [ $? != 0 ] ; then\n    # print error to STDERR\n    echo \"error: The sandbox is not in sync with the Podfile.lock. Run 'pod install' or update your CocoaPods installation.\" >&2\n    exit 1\nfi\n# This output is used by Xcode 'outputs' to avoid re-running this script phase.\necho \"SUCCESS\" > \"${SCRIPT_OUTPUT_FILE_0}\"\n";
			showEnvVarsInLog = 0;
		};
/* End PBXShellScriptBuildPhase section */

/* Begin PBXSourcesBuildPhase section */
		C359337D2023BF5700D85500 /* Sources */ = {
			isa = PBXSourcesBuildPhase;
			buildActionMask = 2147483647;
			files = (
				C35933972023D71C00D85500 /* BusinessMapViewModel.swift in Sources */,
				4252EAAA2023E05900847430 /* APIKeys.swift in Sources */,
				C35933872023BF5700D85500 /* ViewController.swift in Sources */,
				C35933852023BF5700D85500 /* AppDelegate.swift in Sources */,
			);
			runOnlyForDeploymentPostprocessing = 0;
		};
/* End PBXSourcesBuildPhase section */

/* Begin PBXVariantGroup section */
		C35933882023BF5700D85500 /* Main.storyboard */ = {
			isa = PBXVariantGroup;
			children = (
				C35933892023BF5700D85500 /* Base */,
			);
			name = Main.storyboard;
			sourceTree = "<group>";
		};
		C359338D2023BF5700D85500 /* LaunchScreen.storyboard */ = {
			isa = PBXVariantGroup;
			children = (
				C359338E2023BF5700D85500 /* Base */,
			);
			name = LaunchScreen.storyboard;
			sourceTree = "<group>";
		};
/* End PBXVariantGroup section */

/* Begin XCBuildConfiguration section */
		C35933912023BF5700D85500 /* Debug */ = {
			isa = XCBuildConfiguration;
			buildSettings = {
				ALWAYS_SEARCH_USER_PATHS = NO;
				CLANG_ANALYZER_NONNULL = YES;
				CLANG_ANALYZER_NUMBER_OBJECT_CONVERSION = YES_AGGRESSIVE;
				CLANG_CXX_LANGUAGE_STANDARD = "gnu++14";
				CLANG_CXX_LIBRARY = "libc++";
				CLANG_ENABLE_MODULES = YES;
				CLANG_ENABLE_OBJC_ARC = YES;
				CLANG_WARN_BLOCK_CAPTURE_AUTORELEASING = YES;
				CLANG_WARN_BOOL_CONVERSION = YES;
				CLANG_WARN_COMMA = YES;
				CLANG_WARN_CONSTANT_CONVERSION = YES;
				CLANG_WARN_DEPRECATED_OBJC_IMPLEMENTATIONS = YES;
				CLANG_WARN_DIRECT_OBJC_ISA_USAGE = YES_ERROR;
				CLANG_WARN_DOCUMENTATION_COMMENTS = YES;
				CLANG_WARN_EMPTY_BODY = YES;
				CLANG_WARN_ENUM_CONVERSION = YES;
				CLANG_WARN_INFINITE_RECURSION = YES;
				CLANG_WARN_INT_CONVERSION = YES;
				CLANG_WARN_NON_LITERAL_NULL_CONVERSION = YES;
				CLANG_WARN_OBJC_IMPLICIT_RETAIN_SELF = YES;
				CLANG_WARN_OBJC_LITERAL_CONVERSION = YES;
				CLANG_WARN_OBJC_ROOT_CLASS = YES_ERROR;
				CLANG_WARN_RANGE_LOOP_ANALYSIS = YES;
				CLANG_WARN_STRICT_PROTOTYPES = YES;
				CLANG_WARN_SUSPICIOUS_MOVE = YES;
				CLANG_WARN_UNGUARDED_AVAILABILITY = YES_AGGRESSIVE;
				CLANG_WARN_UNREACHABLE_CODE = YES;
				CLANG_WARN__DUPLICATE_METHOD_MATCH = YES;
				CODE_SIGN_IDENTITY = "iPhone Developer";
				COPY_PHASE_STRIP = NO;
				DEBUG_INFORMATION_FORMAT = dwarf;
				ENABLE_STRICT_OBJC_MSGSEND = YES;
				ENABLE_TESTABILITY = YES;
				GCC_C_LANGUAGE_STANDARD = gnu11;
				GCC_DYNAMIC_NO_PIC = NO;
				GCC_NO_COMMON_BLOCKS = YES;
				GCC_OPTIMIZATION_LEVEL = 0;
				GCC_PREPROCESSOR_DEFINITIONS = (
					"DEBUG=1",
					"$(inherited)",
				);
				GCC_WARN_64_TO_32_BIT_CONVERSION = YES;
				GCC_WARN_ABOUT_RETURN_TYPE = YES_ERROR;
				GCC_WARN_UNDECLARED_SELECTOR = YES;
				GCC_WARN_UNINITIALIZED_AUTOS = YES_AGGRESSIVE;
				GCC_WARN_UNUSED_FUNCTION = YES;
				GCC_WARN_UNUSED_VARIABLE = YES;
				IPHONEOS_DEPLOYMENT_TARGET = 13.0;
				MTL_ENABLE_DEBUG_INFO = YES;
				ONLY_ACTIVE_ARCH = YES;
				SDKROOT = iphoneos;
				SWIFT_ACTIVE_COMPILATION_CONDITIONS = DEBUG;
				SWIFT_OPTIMIZATION_LEVEL = "-Onone";
			};
			name = Debug;
		};
		C35933922023BF5700D85500 /* Release */ = {
			isa = XCBuildConfiguration;
			buildSettings = {
				ALWAYS_SEARCH_USER_PATHS = NO;
				CLANG_ANALYZER_NONNULL = YES;
				CLANG_ANALYZER_NUMBER_OBJECT_CONVERSION = YES_AGGRESSIVE;
				CLANG_CXX_LANGUAGE_STANDARD = "gnu++14";
				CLANG_CXX_LIBRARY = "libc++";
				CLANG_ENABLE_MODULES = YES;
				CLANG_ENABLE_OBJC_ARC = YES;
				CLANG_WARN_BLOCK_CAPTURE_AUTORELEASING = YES;
				CLANG_WARN_BOOL_CONVERSION = YES;
				CLANG_WARN_COMMA = YES;
				CLANG_WARN_CONSTANT_CONVERSION = YES;
				CLANG_WARN_DEPRECATED_OBJC_IMPLEMENTATIONS = YES;
				CLANG_WARN_DIRECT_OBJC_ISA_USAGE = YES_ERROR;
				CLANG_WARN_DOCUMENTATION_COMMENTS = YES;
				CLANG_WARN_EMPTY_BODY = YES;
				CLANG_WARN_ENUM_CONVERSION = YES;
				CLANG_WARN_INFINITE_RECURSION = YES;
				CLANG_WARN_INT_CONVERSION = YES;
				CLANG_WARN_NON_LITERAL_NULL_CONVERSION = YES;
				CLANG_WARN_OBJC_IMPLICIT_RETAIN_SELF = YES;
				CLANG_WARN_OBJC_LITERAL_CONVERSION = YES;
				CLANG_WARN_OBJC_ROOT_CLASS = YES_ERROR;
				CLANG_WARN_RANGE_LOOP_ANALYSIS = YES;
				CLANG_WARN_STRICT_PROTOTYPES = YES;
				CLANG_WARN_SUSPICIOUS_MOVE = YES;
				CLANG_WARN_UNGUARDED_AVAILABILITY = YES_AGGRESSIVE;
				CLANG_WARN_UNREACHABLE_CODE = YES;
				CLANG_WARN__DUPLICATE_METHOD_MATCH = YES;
				CODE_SIGN_IDENTITY = "iPhone Developer";
				COPY_PHASE_STRIP = NO;
				DEBUG_INFORMATION_FORMAT = "dwarf-with-dsym";
				ENABLE_NS_ASSERTIONS = NO;
				ENABLE_STRICT_OBJC_MSGSEND = YES;
				GCC_C_LANGUAGE_STANDARD = gnu11;
				GCC_NO_COMMON_BLOCKS = YES;
				GCC_WARN_64_TO_32_BIT_CONVERSION = YES;
				GCC_WARN_ABOUT_RETURN_TYPE = YES_ERROR;
				GCC_WARN_UNDECLARED_SELECTOR = YES;
				GCC_WARN_UNINITIALIZED_AUTOS = YES_AGGRESSIVE;
				GCC_WARN_UNUSED_FUNCTION = YES;
				GCC_WARN_UNUSED_VARIABLE = YES;
				IPHONEOS_DEPLOYMENT_TARGET = 13.0;
				MTL_ENABLE_DEBUG_INFO = NO;
				SDKROOT = iphoneos;
				SWIFT_OPTIMIZATION_LEVEL = "-Owholemodule";
				VALIDATE_PRODUCT = YES;
			};
			name = Release;
		};
		C35933942023BF5700D85500 /* Debug */ = {
			isa = XCBuildConfiguration;
			baseConfigurationReference = 75B5478A401116797B732C06 /* Pods-CoffeeQuest.debug.xcconfig */;
			buildSettings = {
				ASSETCATALOG_COMPILER_APPICON_NAME = AppIcon;
				"CODE_SIGN_IDENTITY[sdk=iphoneos*]" = "iPhone Developer";
				CODE_SIGN_STYLE = Manual;
				DEVELOPMENT_TEAM = "";
				INFOPLIST_FILE = "$(SRCROOT)/CoffeeQuest/Resources/Info.plist";
				IPHONEOS_DEPLOYMENT_TARGET = 13.0;
				LD_RUNPATH_SEARCH_PATHS = "$(inherited) @executable_path/Frameworks";
				PRODUCT_BUNDLE_IDENTIFIER = com.js.pancake.CoffeeQuest;
				PRODUCT_NAME = "$(TARGET_NAME)";
				PROVISIONING_PROFILE_SPECIFIER = "";
				SWIFT_VERSION = 5.0;
				TARGETED_DEVICE_FAMILY = "1,2";
			};
			name = Debug;
		};
		C35933952023BF5700D85500 /* Release */ = {
			isa = XCBuildConfiguration;
			baseConfigurationReference = 0EB69E332F1CF61F584429C4 /* Pods-CoffeeQuest.release.xcconfig */;
			buildSettings = {
				ASSETCATALOG_COMPILER_APPICON_NAME = AppIcon;
				"CODE_SIGN_IDENTITY[sdk=iphoneos*]" = "iPhone Developer";
				CODE_SIGN_STYLE = Manual;
				DEVELOPMENT_TEAM = "";
				INFOPLIST_FILE = "$(SRCROOT)/CoffeeQuest/Resources/Info.plist";
				IPHONEOS_DEPLOYMENT_TARGET = 13.0;
				LD_RUNPATH_SEARCH_PATHS = "$(inherited) @executable_path/Frameworks";
				PRODUCT_BUNDLE_IDENTIFIER = com.js.pancake.CoffeeQuest;
				PRODUCT_NAME = "$(TARGET_NAME)";
				PROVISIONING_PROFILE_SPECIFIER = "";
				SWIFT_VERSION = 5.0;
				TARGETED_DEVICE_FAMILY = "1,2";
			};
			name = Release;
		};
/* End XCBuildConfiguration section */

/* Begin XCConfigurationList section */
		C359337C2023BF5700D85500 /* Build configuration list for PBXProject "CoffeeQuest" */ = {
			isa = XCConfigurationList;
			buildConfigurations = (
				C35933912023BF5700D85500 /* Debug */,
				C35933922023BF5700D85500 /* Release */,
			);
			defaultConfigurationIsVisible = 0;
			defaultConfigurationName = Release;
		};
		C35933932023BF5700D85500 /* Build configuration list for PBXNativeTarget "CoffeeQuest" */ = {
			isa = XCConfigurationList;
			buildConfigurations = (
				C35933942023BF5700D85500 /* Debug */,
				C35933952023BF5700D85500 /* Release */,
			);
			defaultConfigurationIsVisible = 0;
			defaultConfigurationName = Release;
		};
/* End XCConfigurationList section */
	};
	rootObject = C35933792023BF5700D85500 /* Project object */;
}
